
Microsoft Visual Studio Solution File, Format Version 12.00
# Visual Studio Version 16
VisualStudioVersion = 16.0.30907.101
MinimumVisualStudioVersion = 10.0.40219.1
Project("{9A19103F-16F7-4668-BE54-9A1E7A4F7556}") = "CSV", "CSV\CSV.csproj", "{EDFADD31-8427-4DCA-92CA-48B6C1EA0FDF}"
EndProject
Project("{FAE04EC0-301F-11D3-BF4B-00C04F79EFBC}") = "CSV.Test", "CSV.Test\CSV.Test.csproj", "{E9D50A37-5777-49C6-B210-6602B8FDF7FD}"
EndProject
Global
	GlobalSection(SolutionConfigurationPlatforms) = preSolution
		Debug|Any CPU = Debug|Any CPU
		Release|Any CPU = Release|Any CPU
	EndGlobalSection
	GlobalSection(ProjectConfigurationPlatforms) = postSolution
		{EDFADD31-8427-4DCA-92CA-48B6C1EA0FDF}.Debug|Any CPU.ActiveCfg = Debug|Any CPU
		{EDFADD31-8427-4DCA-92CA-48B6C1EA0FDF}.Debug|Any CPU.Build.0 = Debug|Any CPU
		{EDFADD31-8427-4DCA-92CA-48B6C1EA0FDF}.Release|Any CPU.ActiveCfg = Release|Any CPU
		{EDFADD31-8427-4DCA-92CA-48B6C1EA0FDF}.Release|Any CPU.Build.0 = Release|Any CPU
		{E9D50A37-5777-49C6-B210-6602B8FDF7FD}.Debug|Any CPU.ActiveCfg = Debug|Any CPU
		{E9D50A37-5777-49C6-B210-6602B8FDF7FD}.Debug|Any CPU.Build.0 = Debug|Any CPU
		{E9D50A37-5777-49C6-B210-6602B8FDF7FD}.Release|Any CPU.ActiveCfg = Release|Any CPU
		{E9D50A37-5777-49C6-B210-6602B8FDF7FD}.Release|Any CPU.Build.0 = Release|Any CPU
	EndGlobalSection
	GlobalSection(SolutionProperties) = preSolution
		HideSolutionNode = FALSE
	EndGlobalSection
	GlobalSection(ExtensibilityGlobals) = postSolution
		SolutionGuid = {8473421F-3A25-4752-9333-AFBC7B57CC32}
	EndGlobalSection
EndGlobal
